
Microsoft Visual Studio Solution File, Format Version 11.00
# Visual Studio 2010
Project("{D2ABAB84-BF74-430A-B69E-9DC6D40DDA17}") = "MiniProJ", "MiniProJ\MiniProJ.dwproj", "{C4AD062E-BA55-4C84-ACF2-6D6F9D6D4F9C}"
EndProject
Global
	GlobalSection(SolutionConfigurationPlatforms) = preSolution
		Development|Default = Development|Default
	EndGlobalSection
	GlobalSection(ProjectConfigurationPlatforms) = postSolution
		{C4AD062E-BA55-4C84-ACF2-6D6F9D6D4F9C}.Development|Default.ActiveCfg = Development
		{C4AD062E-BA55-4C84-ACF2-6D6F9D6D4F9C}.Development|Default.Build.0 = Development
		{C4AD062E-BA55-4C84-ACF2-6D6F9D6D4F9C}.Development|Default.Deploy.0 = Development
	EndGlobalSection
	GlobalSection(SolutionProperties) = preSolution
		HideSolutionNode = FALSE
	EndGlobalSection
EndGlobal
